# THIS IS AN AUTOGENERATED FILE. DO NOT EDIT THIS FILE DIRECTLY.
# yarn lockfile v1


luxon@^3.1.1:
  version "3.1.1"
  resolved "https://registry.yarnpkg.com/luxon/-/luxon-3.1.1.tgz#b492c645b2474fb86f3bd3283213846b99c32c1e"
  integrity sha512-Ah6DloGmvseB/pX1cAmjbFvyU/pKuwQMQqz7d0yvuDlVYLTs2WeDHQMpC8tGjm1da+BriHROW/OEIT/KfYg6xw==
